// !$*UTF8*$!
{
	archiveVersion = 1;
	classes = {
	};
	objectVersion = 50;
	objects = {

/* Begin PBXBuildFile section */
		3228934424A61FA000B78E15 /* AppDelegate.swift in Sources */ = {isa = PBXBuildFile; fileRef = 3228934324A61FA000B78E15 /* AppDelegate.swift */; };
		3228934624A61FA000B78E15 /* SceneDelegate.swift in Sources */ = {isa = PBXBuildFile; fileRef = 3228934524A61FA000B78E15 /* SceneDelegate.swift */; };
		3228934824A61FA000B78E15 /* ViewController.swift in Sources */ = {isa = PBXBuildFile; fileRef = 3228934724A61FA000B78E15 /* ViewController.swift */; };
		3228934B24A61FA000B78E15 /* Main.storyboard in Resources */ = {isa = PBXBuildFile; fileRef = 3228934924A61FA000B78E15 /* Main.storyboard */; };
		3228934D24A61FA400B78E15 /* Assets.xcassets in Resources */ = {isa = PBXBuildFile; fileRef = 3228934C24A61FA400B78E15 /* Assets.xcassets */; };
		3228935024A61FA400B78E15 /* LaunchScreen.storyboard in Resources */ = {isa = PBXBuildFile; fileRef = 3228934E24A61FA400B78E15 /* LaunchScreen.storyboard */; };
/* End PBXBuildFile section */

/* Begin PBXFileReference section */
		3228934024A61FA000B78E15 /* TableViewPracticeAlone.app */ = {isa = PBXFileReference; explicitFileType = wrapper.application; includeInIndex = 0; path = TableViewPracticeAlone.app; sourceTree = BUILT_PRODUCTS_DIR; };
		3228934324A61FA000B78E15 /* AppDelegate.swift */ = {isa = PBXFileReference; lastKnownFileType = sourcecode.swift; path = AppDelegate.swift; sourceTree = "<group>"; };
		3228934524A61FA000B78E15 /* SceneDelegate.swift */ = {isa = PBXFileReference; lastKnownFileType = sourcecode.swift; path = SceneDelegate.swift; sourceTree = "<group>"; };
		3228934724A61FA000B78E15 /* ViewController.swift */ = {isa = PBXFileReference; lastKnownFileType = sourcecode.swift; path = ViewController.swift; sourceTree = "<group>"; };
		3228934A24A61FA000B78E15 /* Base */ = {isa = PBXFileReference; lastKnownFileType = file.storyboard; name = Base; path = Base.lproj/Main.storyboard; sourceTree = "<group>"; };
		3228934C24A61FA400B78E15 /* Assets.xcassets */ = {isa = PBXFileReference; lastKnownFileType = folder.assetcatalog; path = Assets.xcassets; sourceTree = "<group>"; };
		3228934F24A61FA400B78E15 /* Base */ = {isa = PBXFileReference; lastKnownFileType = file.storyboard; name = Base; path = Base.lproj/LaunchScreen.storyboard; sourceTree = "<group>"; };
		3228935124A61FA400B78E15 /* Info.plist */ = {isa = PBXFileReference; lastKnownFileType = text.plist.xml; path = Info.plist; sourceTree = "<group>"; };
/* End PBXFileReference section */

/* Begin PBXFrameworksBuildPhase section */
		3228933D24A61FA000B78E15 /* Frameworks */ = {
			isa = PBXFrameworksBuildPhase;
			buildActionMask = 2147483647;
			files = (
			);
			runOnlyForDeploymentPostprocessing = 0;
		};
/* End PBXFrameworksBuildPhase section */

/* Begin PBXGroup section */
		3228933724A61FA000B78E15 = {
			isa = PBXGroup;
			children = (
				3228934224A61FA000B78E15 /* TableViewPracticeAlone */,
				3228934124A61FA000B78E15 /* Products */,
			);
			sourceTree = "<group>";
		};
		3228934124A61FA000B78E15 /* Products */ = {
			isa = PBXGroup;
			children = (
				3228934024A61FA000B78E15 /* TableViewPracticeAlone.app */,
			);
			name = Products;
			sourceTree = "<group>";
		};
		3228934224A61FA000B78E15 /* TableViewPracticeAlone */ = {
			isa = PBXGroup;
			children = (
				3228934324A61FA000B78E15 /* AppDelegate.swift */,
				3228934524A61FA000B78E15 /* SceneDelegate.swift */,
				3228934724A61FA000B78E15 /* ViewController.swift */,
				3228934924A61FA000B78E15 /* Main.storyboard */,
				3228934C24A61FA400B78E15 /* Assets.xcassets */,
				3228934E24A61FA400B78E15 /* LaunchScreen.storyboard */,
				3228935124A61FA400B78E15 /* Info.plist */,
			);
			path = TableViewPracticeAlone;
			sourceTree = "<group>";
		};
/* End PBXGroup section */

/* Begin PBXNativeTarget section */
		3228933F24A61FA000B78E15 /* TableViewPracticeAlone */ = {
			isa = PBXNativeTarget;
			buildConfigurationList = 3228935424A61FA400B78E15 /* Build configuration list for PBXNativeTarget "TableViewPracticeAlone" */;
			buildPhases = (
				3228933C24A61FA000B78E15 /* Sources */,
				3228933D24A61FA000B78E15 /* Frameworks */,
				3228933E24A61FA000B78E15 /* Resources */,
			);
			buildRules = (
			);
			dependencies = (
			);
			name = TableViewPracticeAlone;
			productName = TableViewPracticeAlone;
			productReference = 3228934024A61FA000B78E15 /* TableViewPracticeAlone.app */;
			productType = "com.apple.product-type.application";
		};
/* End PBXNativeTarget section */

/* Begin PBXProject section */
		3228933824A61FA000B78E15 /* Project object */ = {
			isa = PBXProject;
			attributes = {
				LastSwiftUpdateCheck = 1150;
				LastUpgradeCheck = 1150;
				ORGANIZATIONNAME = taeiim;
				TargetAttributes = {
					3228933F24A61FA000B78E15 = {
						CreatedOnToolsVersion = 11.5;
					};
				};
			};
			buildConfigurationList = 3228933B24A61FA000B78E15 /* Build configuration list for PBXProject "TableViewPracticeAlone" */;
			compatibilityVersion = "Xcode 9.3";
			developmentRegion = en;
			hasScannedForEncodings = 0;
			knownRegions = (
				en,
				Base,
			);
			mainGroup = 3228933724A61FA000B78E15;
			productRefGroup = 3228934124A61FA000B78E15 /* Products */;
			projectDirPath = "";
			projectRoot = "";
			targets = (
				3228933F24A61FA000B78E15 /* TableViewPracticeAlone */,
			);
		};
/* End PBXProject section */

/* Begin PBXResourcesBuildPhase section */
		3228933E24A61FA000B78E15 /* Resources */ = {
			isa = PBXResourcesBuildPhase;
			buildActionMask = 2147483647;
			files = (
				3228935024A61FA400B78E15 /* LaunchScreen.storyboard in Resources */,
				3228934D24A61FA400B78E15 /* Assets.xcassets in Resources */,
				3228934B24A61FA000B78E15 /* Main.storyboard in Resources */,
			);
			runOnlyForDeploymentPostprocessing = 0;
		};
/* End PBXResourcesBuildPhase section */

/* Begin PBXSourcesBuildPhase section */
		3228933C24A61FA000B78E15 /* Sources */ = {
			isa = PBXSourcesBuildPhase;
			buildActionMask = 2147483647;
			files = (
				3228934824A61FA000B78E15 /* ViewController.swift in Sources */,
				3228934424A61FA000B78E15 /* AppDelegate.swift in Sources */,
				3228934624A61FA000B78E15 /* SceneDelegate.swift in Sources */,
			);
			runOnlyForDeploymentPostprocessing = 0;
		};
/* End PBXSourcesBuildPhase section */

/* Begin PBXVariantGroup section */
		3228934924A61FA000B78E15 /* Main.storyboard */ = {
			isa = PBXVariantGroup;
			children = (
				3228934A24A61FA000B78E15 /* Base */,
			);
			name = Main.storyboard;
			sourceTree = "<group>";
		};
		3228934E24A61FA400B78E15 /* LaunchScreen.storyboard */ = {
			isa = PBXVariantGroup;
			children = (
				3228934F24A61FA400B78E15 /* Base */,
			);
			name = LaunchScreen.storyboard;
			sourceTree = "<group>";
		};
/* End PBXVariantGroup section */

/* Begin XCBuildConfiguration section */
		3228935224A61FA400B78E15 /* Debug */ = {
			isa = XCBuildConfiguration;
			buildSettings = {
				ALWAYS_SEARCH_USER_PATHS = NO;
				CLANG_ANALYZER_NONNULL = YES;
				CLANG_ANALYZER_NUMBER_OBJECT_CONVERSION = YES_AGGRESSIVE;
				CLANG_CXX_LANGUAGE_STANDARD = "gnu++14";
				CLANG_CXX_LIBRARY = "libc++";
				CLANG_ENABLE_MODULES = YES;
				CLANG_ENABLE_OBJC_ARC = YES;
				CLANG_ENABLE_OBJC_WEAK = YES;
				CLANG_WARN_BLOCK_CAPTURE_AUTORELEASING = YES;
				CLANG_WARN_BOOL_CONVERSION = YES;
				CLANG_WARN_COMMA = YES;
				CLANG_WARN_CONSTANT_CONVERSION = YES;
				CLANG_WARN_DEPRECATED_OBJC_IMPLEMENTATIONS = YES;
				CLANG_WARN_DIRECT_OBJC_ISA_USAGE = YES_ERROR;
				CLANG_WARN_DOCUMENTATION_COMMENTS = YES;
				CLANG_WARN_EMPTY_BODY = YES;
				CLANG_WARN_ENUM_CONVERSION = YES;
				CLANG_WARN_INFINITE_RECURSION = YES;
				CLANG_WARN_INT_CONVERSION = YES;
				CLANG_WARN_NON_LITERAL_NULL_CONVERSION = YES;
				CLANG_WARN_OBJC_IMPLICIT_RETAIN_SELF = YES;
				CLANG_WARN_OBJC_LITERAL_CONVERSION = YES;
				CLANG_WARN_OBJC_ROOT_CLASS = YES_ERROR;
				CLANG_WARN_RANGE_LOOP_ANALYSIS = YES;
				CLANG_WARN_STRICT_PROTOTYPES = YES;
				CLANG_WARN_SUSPICIOUS_MOVE = YES;
				CLANG_WARN_UNGUARDED_AVAILABILITY = YES_AGGRESSIVE;
				CLANG_WARN_UNREACHABLE_CODE = YES;
				CLANG_WARN__DUPLICATE_METHOD_MATCH = YES;
				COPY_PHASE_STRIP = NO;
				DEBUG_INFORMATION_FORMAT = dwarf;
				ENABLE_STRICT_OBJC_MSGSEND = YES;
				ENABLE_TESTABILITY = YES;
				GCC_C_LANGUAGE_STANDARD = gnu11;
				GCC_DYNAMIC_NO_PIC = NO;
				GCC_NO_COMMON_BLOCKS = YES;
				GCC_OPTIMIZATION_LEVEL = 0;
				GCC_PREPROCESSOR_DEFINITIONS = (
					"DEBUG=1",
					"$(inherited)",
				);
				GCC_WARN_64_TO_32_BIT_CONVERSION = YES;
				GCC_WARN_ABOUT_RETURN_TYPE = YES_ERROR;
				GCC_WARN_UNDECLARED_SELECTOR = YES;
				GCC_WARN_UNINITIALIZED_AUTOS = YES_AGGRESSIVE;
				GCC_WARN_UNUSED_FUNCTION = YES;
				GCC_WARN_UNUSED_VARIABLE = YES;
				IPHONEOS_DEPLOYMENT_TARGET = 13.5;
				MTL_ENABLE_DEBUG_INFO = INCLUDE_SOURCE;
				MTL_FAST_MATH = YES;
				ONLY_ACTIVE_ARCH = YES;
				SDKROOT = iphoneos;
				SWIFT_ACTIVE_COMPILATION_CONDITIONS = DEBUG;
				SWIFT_OPTIMIZATION_LEVEL = "-Onone";
			};
			name = Debug;
		};
		3228935324A61FA400B78E15 /* Release */ = {
			isa = XCBuildConfiguration;
			buildSettings = {
				ALWAYS_SEARCH_USER_PATHS = NO;
				CLANG_ANALYZER_NONNULL = YES;
				CLANG_ANALYZER_NUMBER_OBJECT_CONVERSION = YES_AGGRESSIVE;
				CLANG_CXX_LANGUAGE_STANDARD = "gnu++14";
				CLANG_CXX_LIBRARY = "libc++";
				CLANG_ENABLE_MODULES = YES;
				CLANG_ENABLE_OBJC_ARC = YES;
				CLANG_ENABLE_OBJC_WEAK = YES;
				CLANG_WARN_BLOCK_CAPTURE_AUTORELEASING = YES;
				CLANG_WARN_BOOL_CONVERSION = YES;
				CLANG_WARN_COMMA = YES;
				CLANG_WARN_CONSTANT_CONVERSION = YES;
				CLANG_WARN_DEPRECATED_OBJC_IMPLEMENTATIONS = YES;
				CLANG_WARN_DIRECT_OBJC_ISA_USAGE = YES_ERROR;
				CLANG_WARN_DOCUMENTATION_COMMENTS = YES;
				CLANG_WARN_EMPTY_BODY = YES;
				CLANG_WARN_ENUM_CONVERSION = YES;
				CLANG_WARN_INFINITE_RECURSION = YES;
				CLANG_WARN_INT_CONVERSION = YES;
				CLANG_WARN_NON_LITERAL_NULL_CONVERSION = YES;
				CLANG_WARN_OBJC_IMPLICIT_RETAIN_SELF = YES;
				CLANG_WARN_OBJC_LITERAL_CONVERSION = YES;
				CLANG_WARN_OBJC_ROOT_CLASS = YES_ERROR;
				CLANG_WARN_RANGE_LOOP_ANALYSIS = YES;
				CLANG_WARN_STRICT_PROTOTYPES = YES;
				CLANG_WARN_SUSPICIOUS_MOVE = YES;
				CLANG_WARN_UNGUARDED_AVAILABILITY = YES_AGGRESSIVE;
				CLANG_WARN_UNREACHABLE_CODE = YES;
				CLANG_WARN__DUPLICATE_METHOD_MATCH = YES;
				COPY_PHASE_STRIP = NO;
				DEBUG_INFORMATION_FORMAT = "dwarf-with-dsym";
				ENABLE_NS_ASSERTIONS = NO;
				ENABLE_STRICT_OBJC_MSGSEND = YES;
				GCC_C_LANGUAGE_STANDARD = gnu11;
				GCC_NO_COMMON_BLOCKS = YES;
				GCC_WARN_64_TO_32_BIT_CONVERSION = YES;
				GCC_WARN_ABOUT_RETURN_TYPE = YES_ERROR;
				GCC_WARN_UNDECLARED_SELECTOR = YES;
				GCC_WARN_UNINITIALIZED_AUTOS = YES_AGGRESSIVE;
				GCC_WARN_UNUSED_FUNCTION = YES;
				GCC_WARN_UNUSED_VARIABLE = YES;
				IPHONEOS_DEPLOYMENT_TARGET = 13.5;
				MTL_ENABLE_DEBUG_INFO = NO;
				MTL_FAST_MATH = YES;
				SDKROOT = iphoneos;
				SWIFT_COMPILATION_MODE = wholemodule;
				SWIFT_OPTIMIZATION_LEVEL = "-O";
				VALIDATE_PRODUCT = YES;
			};
			name = Release;
		};
		3228935524A61FA400B78E15 /* Debug */ = {
			isa = XCBuildConfiguration;
			buildSettings = {
				ASSETCATALOG_COMPILER_APPICON_NAME = AppIcon;
				CODE_SIGN_STYLE = Automatic;
				DEVELOPMENT_TEAM = YEX952GK65;
				INFOPLIST_FILE = TableViewPracticeAlone/Info.plist;
				LD_RUNPATH_SEARCH_PATHS = (
					"$(inherited)",
					"@executable_path/Frameworks",
				);
				PRODUCT_BUNDLE_IDENTIFIER = kr.co.taeiim.TableViewPracticeAlone;
				PRODUCT_NAME = "$(TARGET_NAME)";
				SWIFT_VERSION = 5.0;
				TARGETED_DEVICE_FAMILY = "1,2";
			};
			name = Debug;
		};
		3228935624A61FA400B78E15 /* Release */ = {
			isa = XCBuildConfiguration;
			buildSettings = {
				ASSETCATALOG_COMPILER_APPICON_NAME = AppIcon;
				CODE_SIGN_STYLE = Automatic;
				DEVELOPMENT_TEAM = YEX952GK65;
				INFOPLIST_FILE = TableViewPracticeAlone/Info.plist;
				LD_RUNPATH_SEARCH_PATHS = (
					"$(inherited)",
					"@executable_path/Frameworks",
				);
				PRODUCT_BUNDLE_IDENTIFIER = kr.co.taeiim.TableViewPracticeAlone;
				PRODUCT_NAME = "$(TARGET_NAME)";
				SWIFT_VERSION = 5.0;
				TARGETED_DEVICE_FAMILY = "1,2";
			};
			name = Release;
		};
/* End XCBuildConfiguration section */

/* Begin XCConfigurationList section */
		3228933B24A61FA000B78E15 /* Build configuration list for PBXProject "TableViewPracticeAlone" */ = {
			isa = XCConfigurationList;
			buildConfigurations = (
				3228935224A61FA400B78E15 /* Debug */,
				3228935324A61FA400B78E15 /* Release */,
			);
			defaultConfigurationIsVisible = 0;
			defaultConfigurationName = Release;
		};
		3228935424A61FA400B78E15 /* Build configuration list for PBXNativeTarget "TableViewPracticeAlone" */ = {
			isa = XCConfigurationList;
			buildConfigurations = (
				3228935524A61FA400B78E15 /* Debug */,
				3228935624A61FA400B78E15 /* Release */,
			);
			defaultConfigurationIsVisible = 0;
			defaultConfigurationName = Release;
		};
/* End XCConfigurationList section */
	};
	rootObject = 3228933824A61FA000B78E15 /* Project object */;
}
